<?xml version="1.0" encoding="utf-8"?>
<Project ToolsVersion="4.0" xmlns="http://schemas.microsoft.com/developer/msbuild/2003">
  <ItemGroup>
    <Filter Include="Source Files">
      <UniqueIdentifier>{4FC737F1-C7A5-4376-A066-2A32D752A2FF}</UniqueIdentifier>
      <Extensions>cpp;cxx;c;def</Extensions>
    </Filter>
    <Filter Include="Header Files">
      <UniqueIdentifier>{93995380-89BD-4b04-88EB-625FBE52EBFB}</UniqueIdentifier>
      <Extensions>h</Extensions>
    </Filter>
    <Filter Include="Form Files">
      <UniqueIdentifier>{99349809-55BA-4b9d-BF79-8FDBB0286EB3}</UniqueIdentifier>
      <Extensions>ui</Extensions>
    </Filter>
    <Filter Include="Resource Files">
      <UniqueIdentifier>{D9D6E242-F8AF-46E4-B9FD-80ECBC20BA3E}</UniqueIdentifier>
      <Extensions>qrc;*</Extensions>
      <ParseFiles>false</ParseFiles>
    </Filter>
    <Filter Include="Generated Files">
      <UniqueIdentifier>{71ED8ED8-ACB9-4CE9-BBE1-E00B30144E11}</UniqueIdentifier>
      <Extensions>moc;h;cpp</Extensions>
    </Filter>
    <Filter Include="Generated Files\Release">
      <UniqueIdentifier>{0dde9e3e-c5c5-451f-8425-b471d5b25171}</UniqueIdentifier>
      <Extensions>cpp;moc</Extensions>
      <SourceControlFiles>False</SourceControlFiles>
    </Filter>
    <Filter Include="Generated Files\Debug">
      <UniqueIdentifier>{751ebf59-963a-446c-9640-e273dcc42df1}</UniqueIdentifier>
      <Extensions>cpp;moc</Extensions>
      <SourceControlFiles>False</SourceControlFiles>
    </Filter>
    <Filter Include="Generated Files\Release with Debug">
      <UniqueIdentifier>{4708f2f1-6c2c-47f7-a24c-8064be406606}</UniqueIdentifier>
      <Extensions>cpp;moc</Extensions>
      <SourceControlFiles>False</SourceControlFiles>
    </Filter>
  </ItemGroup>
  <ItemGroup>
    <ClCompile Include="GAoiSelector.cpp">
      <Filter>Source Files</Filter>
    </ClCompile>
    <ClCompile Include="GCamera.cpp">
      <Filter>Source Files</Filter>
    </ClCompile>
    <ClCompile Include="GCameraSettingsWidget.cpp">
      <Filter>Source Files</Filter>
    </ClCompile>
    <ClCompile Include="GImageDouble.cpp">
      <Filter>Source Files</Filter>
    </ClCompile>
    <ClCompile Include="GImageGraphicsScene.cpp">
      <Filter>Source Files</Filter>
    </ClCompile>
    <ClCompile Include="GImageGraphicsView.cpp">
      <Filter>Source Files</Filter>
    </ClCompile>
    <ClCompile Include="GImageLineProfiler.cpp">
      <Filter>Source Files</Filter>
    </ClCompile>
    <ClCompile Include="GImageProcessor.cpp">
      <Filter>Source Files</Filter>
    </ClCompile>
    <ClCompile Include="GImageProcessorWidget.cpp">
      <Filter>Source Files</Filter>
    </ClCompile>
    <ClCompile Include="GImagingBench.cpp">
      <Filter>Source Files</Filter>
    </ClCompile>
    <ClCompile Include="labexeimaging.cpp">
      <Filter>Source Files</Filter>
    </ClCompile>
    <ClCompile Include="GeneratedFiles\Release\moc_GAoiSelector.cpp">
      <Filter>Generated Files\Release</Filter>
    </ClCompile>
    <ClCompile Include="GeneratedFiles\Release\moc_GCamera.cpp">
      <Filter>Generated Files\Release</Filter>
    </ClCompile>
    <ClCompile Include="GeneratedFiles\Release\moc_GCameraSettingsWidget.cpp">
      <Filter>Generated Files\Release</Filter>
    </ClCompile>
    <ClCompile Include="GeneratedFiles\Release\moc_GImageGraphicsScene.cpp">
      <Filter>Generated Files\Release</Filter>
    </ClCompile>
    <ClCompile Include="GeneratedFiles\Release\moc_GImageGraphicsView.cpp">
      <Filter>Generated Files\Release</Filter>
    </ClCompile>
    <ClCompile Include="GeneratedFiles\Release\moc_GImageLineProfiler.cpp">
      <Filter>Generated Files\Release</Filter>
    </ClCompile>
    <ClCompile Include="GeneratedFiles\Release\moc_GImageProcessor.cpp">
      <Filter>Generated Files\Release</Filter>
    </ClCompile>
    <ClCompile Include="GeneratedFiles\Release\moc_GImageProcessorWidget.cpp">
      <Filter>Generated Files\Release</Filter>
    </ClCompile>
    <ClCompile Include="GeneratedFiles\Release\moc_GImagingBench.cpp">
      <Filter>Generated Files\Release</Filter>
    </ClCompile>
    <ClCompile Include="GeneratedFiles\Debug\moc_GAoiSelector.cpp">
      <Filter>Generated Files\Debug</Filter>
    </ClCompile>
    <ClCompile Include="GeneratedFiles\Debug\moc_GCamera.cpp">
      <Filter>Generated Files\Debug</Filter>
    </ClCompile>
    <ClCompile Include="GeneratedFiles\Debug\moc_GCameraSettingsWidget.cpp">
      <Filter>Generated Files\Debug</Filter>
    </ClCompile>
    <ClCompile Include="GeneratedFiles\Debug\moc_GImageGraphicsScene.cpp">
      <Filter>Generated Files\Debug</Filter>
    </ClCompile>
    <ClCompile Include="GeneratedFiles\Debug\moc_GImageGraphicsView.cpp">
      <Filter>Generated Files\Debug</Filter>
    </ClCompile>
    <ClCompile Include="GeneratedFiles\Debug\moc_GImageLineProfiler.cpp">
      <Filter>Generated Files\Debug</Filter>
    </ClCompile>
    <ClCompile Include="GeneratedFiles\Debug\moc_GImageProcessor.cpp">
      <Filter>Generated Files\Debug</Filter>
    </ClCompile>
    <ClCompile Include="GeneratedFiles\Debug\moc_GImageProcessorWidget.cpp">
      <Filter>Generated Files\Debug</Filter>
    </ClCompile>
    <ClCompile Include="GeneratedFiles\Debug\moc_GImagingBench.cpp">
      <Filter>Generated Files\Debug</Filter>
    </ClCompile>
    <ClCompile Include="GeneratedFiles\Release with Debug\moc_GAoiSelector.cpp">
      <Filter>Generated Files\Release with Debug</Filter>
    </ClCompile>
    <ClCompile Include="GeneratedFiles\Release with Debug\moc_GCamera.cpp">
      <Filter>Generated Files\Release with Debug</Filter>
    </ClCompile>
    <ClCompile Include="GeneratedFiles\Release with Debug\moc_GCameraSettingsWidget.cpp">
      <Filter>Generated Files\Release with Debug</Filter>
    </ClCompile>
    <ClCompile Include="GeneratedFiles\Release with Debug\moc_GImageGraphicsScene.cpp">
      <Filter>Generated Files\Release with Debug</Filter>
    </ClCompile>
    <ClCompile Include="GeneratedFiles\Release with Debug\moc_GImageGraphicsView.cpp">
      <Filter>Generated Files\Release with Debug</Filter>
    </ClCompile>
    <ClCompile Include="GeneratedFiles\Release with Debug\moc_GImageLineProfiler.cpp">
      <Filter>Generated Files\Release with Debug</Filter>
    </ClCompile>
    <ClCompile Include="GeneratedFiles\Release with Debug\moc_GImageProcessor.cpp">
      <Filter>Generated Files\Release with Debug</Filter>
    </ClCompile>
    <ClCompile Include="GeneratedFiles\Release with Debug\moc_GImageProcessorWidget.cpp">
      <Filter>Generated Files\Release with Debug</Filter>
    </ClCompile>
    <ClCompile Include="GeneratedFiles\Release with Debug\moc_GImagingBench.cpp">
      <Filter>Generated Files\Release with Debug</Filter>
    </ClCompile>
  </ItemGroup>
  <ItemGroup>
    <ClInclude Include="GImageDouble.h">
      <Filter>Header Files</Filter>
    </ClInclude>
    <ClInclude Include="labexeimaging.h">
      <Filter>Header Files</Filter>
    </ClInclude>
    <ClInclude Include="labexeimaging_global.h">
      <Filter>Header Files</Filter>
    </ClInclude>
  </ItemGroup>
  <ItemGroup>
    <CustomBuild Include="GAoiSelector.h">
      <Filter>Header Files</Filter>
    </CustomBuild>
    <CustomBuild Include="GCamera.h">
      <Filter>Header Files</Filter>
    </CustomBuild>
    <CustomBuild Include="GCameraSettingsWidget.h">
      <Filter>Header Files</Filter>
    </CustomBuild>
    <CustomBuild Include="GImageGraphicsScene.h">
      <Filter>Header Files</Filter>
    </CustomBuild>
    <CustomBuild Include="GImageGraphicsView.h">
      <Filter>Header Files</Filter>
    </CustomBuild>
    <CustomBuild Include="GImageLineProfiler.h">
      <Filter>Header Files</Filter>
    </CustomBuild>
    <CustomBuild Include="GImageProcessor.h">
      <Filter>Header Files</Filter>
    </CustomBuild>
    <CustomBuild Include="GImageProcessorWidget.h">
      <Filter>Header Files</Filter>
    </CustomBuild>
    <CustomBuild Include="GImagingBench.h">
      <Filter>Header Files</Filter>
    </CustomBuild>
    <CustomBuild Include="GAoiSelector.ui">
      <Filter>Form Files</Filter>
    </CustomBuild>
    <CustomBuild Include="GCameraSettingsWidget.ui">
      <Filter>Form Files</Filter>
    </CustomBuild>
    <CustomBuild Include="GImageProcessorWidget.ui">
      <Filter>Form Files</Filter>
    </CustomBuild>
  </ItemGroup>
</Project>