<?xml version="1.0" encoding="utf-8"?>
<Project ToolsVersion="4.0" xmlns="http://schemas.microsoft.com/developer/msbuild/2003">
  <ItemGroup>
    <Filter Include="Form Files">
      <UniqueIdentifier>{99349809-55BA-4b9d-BF79-8FDBB0286EB3}</UniqueIdentifier>
      <Extensions>ui</Extensions>
      <ParseFiles>false</ParseFiles>
    </Filter>
    <Filter Include="Form Files">
      <UniqueIdentifier>{99349809-55BA-4b9d-BF79-8FDBB0286EB3}</UniqueIdentifier>
      <Extensions>ui</Extensions>
      <ParseFiles>false</ParseFiles>
    </Filter>
    <Filter Include="Generated Files">
      <UniqueIdentifier>{71ED8ED8-ACB9-4CE9-BBE1-E00B30144E11}</UniqueIdentifier>
      <Extensions>cpp;c;cxx;moc;h;def;odl;idl;res;</Extensions>
    </Filter>
    <Filter Include="Generated Files">
      <UniqueIdentifier>{71ED8ED8-ACB9-4CE9-BBE1-E00B30144E11}</UniqueIdentifier>
      <Extensions>cpp;c;cxx;moc;h;def;odl;idl;res;</Extensions>
    </Filter>
    <Filter Include="Header Files">
      <UniqueIdentifier>{93995380-89BD-4b04-88EB-625FBE52EBFB}</UniqueIdentifier>
      <Extensions>h;hpp;hxx;hm;inl;inc;xsd</Extensions>
    </Filter>
    <Filter Include="Header Files">
      <UniqueIdentifier>{93995380-89BD-4b04-88EB-625FBE52EBFB}</UniqueIdentifier>
      <Extensions>h;hpp;hxx;hm;inl;inc;xsd</Extensions>
    </Filter>
    <Filter Include="Source Files">
      <UniqueIdentifier>{4FC737F1-C7A5-4376-A066-2A32D752A2FF}</UniqueIdentifier>
      <Extensions>cpp;c;cxx;def;odl;idl;hpj;bat;asm;asmx</Extensions>
    </Filter>
    <Filter Include="Source Files">
      <UniqueIdentifier>{4FC737F1-C7A5-4376-A066-2A32D752A2FF}</UniqueIdentifier>
      <Extensions>cpp;c;cxx;def;odl;idl;hpj;bat;asm;asmx</Extensions>
    </Filter>
  </ItemGroup>
  <ItemGroup>
    <ClCompile Include="GAoiSelector.cpp">
      <Filter>Source Files</Filter>
    </ClCompile>
    <ClCompile Include="GCamera.cpp">
      <Filter>Source Files</Filter>
    </ClCompile>
    <ClCompile Include="GCameraSettingsWidget.cpp">
      <Filter>Source Files</Filter>
    </ClCompile>
    <ClCompile Include="GImageDouble.cpp">
      <Filter>Source Files</Filter>
    </ClCompile>
    <ClCompile Include="GImageGraphicsScene.cpp">
      <Filter>Source Files</Filter>
    </ClCompile>
    <ClCompile Include="GImageGraphicsView.cpp">
      <Filter>Source Files</Filter>
    </ClCompile>
    <ClCompile Include="GImageLineProfiler.cpp">
      <Filter>Source Files</Filter>
    </ClCompile>
    <ClCompile Include="GImageProcessor.cpp">
      <Filter>Source Files</Filter>
    </ClCompile>
    <ClCompile Include="GImageProcessorWidget.cpp">
      <Filter>Source Files</Filter>
    </ClCompile>
    <ClCompile Include="GImagingBench.cpp">
      <Filter>Source Files</Filter>
    </ClCompile>
    <ClCompile Include="labexeimaging.cpp">
      <Filter>Source Files</Filter>
    </ClCompile>
    <ClCompile Include="GeneratedFiles\moc_GAoiSelector.cpp">
      <Filter>Generated Files</Filter>
    </ClCompile>
    <ClCompile Include="GeneratedFiles\moc_GCamera.cpp">
      <Filter>Generated Files</Filter>
    </ClCompile>
    <ClCompile Include="GeneratedFiles\moc_GCameraSettingsWidget.cpp">
      <Filter>Generated Files</Filter>
    </ClCompile>
    <ClCompile Include="GeneratedFiles\moc_GImageGraphicsScene.cpp">
      <Filter>Generated Files</Filter>
    </ClCompile>
    <ClCompile Include="GeneratedFiles\moc_GImageGraphicsView.cpp">
      <Filter>Generated Files</Filter>
    </ClCompile>
    <ClCompile Include="GeneratedFiles\moc_GImageLineProfiler.cpp">
      <Filter>Generated Files</Filter>
    </ClCompile>
    <ClCompile Include="GeneratedFiles\moc_GImageProcessor.cpp">
      <Filter>Generated Files</Filter>
    </ClCompile>
    <ClCompile Include="GeneratedFiles\moc_GImageProcessorWidget.cpp">
      <Filter>Generated Files</Filter>
    </ClCompile>
    <ClCompile Include="GeneratedFiles\moc_GImagingBench.cpp">
      <Filter>Generated Files</Filter>
    </ClCompile>
  </ItemGroup>
  <ItemGroup>
    <CustomBuild Include="GAoiSelector.h">
      <Filter>Header Files</Filter>
    </CustomBuild>
    <CustomBuild Include="GCamera.h">
      <Filter>Header Files</Filter>
    </CustomBuild>
    <CustomBuild Include="GCameraSettingsWidget.h">
      <Filter>Header Files</Filter>
    </CustomBuild>
    <ClInclude Include="GImageDouble.h">
      <Filter>Header Files</Filter>
    </ClInclude>
    <CustomBuild Include="GImageGraphicsScene.h">
      <Filter>Header Files</Filter>
    </CustomBuild>
    <CustomBuild Include="GImageGraphicsView.h">
      <Filter>Header Files</Filter>
    </CustomBuild>
    <CustomBuild Include="GImageLineProfiler.h">
      <Filter>Header Files</Filter>
    </CustomBuild>
    <CustomBuild Include="GImageProcessor.h">
      <Filter>Header Files</Filter>
    </CustomBuild>
    <CustomBuild Include="GImageProcessorWidget.h">
      <Filter>Header Files</Filter>
    </CustomBuild>
    <CustomBuild Include="GImagingBench.h">
      <Filter>Header Files</Filter>
    </CustomBuild>
    <ClInclude Include="labexeimaging.h">
      <Filter>Header Files</Filter>
    </ClInclude>
    <ClInclude Include="labexeimaging_global.h">
      <Filter>Header Files</Filter>
    </ClInclude>
  </ItemGroup>
  <ItemGroup>
    <CustomBuild Include="GAoiSelector.ui">
      <Filter>Form Files</Filter>
    </CustomBuild>
    <CustomBuild Include="GCameraSettingsWidget.ui">
      <Filter>Form Files</Filter>
    </CustomBuild>
    <CustomBuild Include="GImageProcessorWidget.ui">
      <Filter>Form Files</Filter>
    </CustomBuild>
  </ItemGroup>
  <ItemGroup>
    <ClInclude Include="GeneratedFiles\ui_GAoiSelector.h">
      <Filter>Generated Files</Filter>
    </ClInclude>
    <ClInclude Include="GeneratedFiles\ui_GCameraSettingsWidget.h">
      <Filter>Generated Files</Filter>
    </ClInclude>
    <ClInclude Include="GeneratedFiles\ui_GImageProcessorWidget.h">
      <Filter>Generated Files</Filter>
    </ClInclude>
  </ItemGroup>
</Project>