Microsoft Visual Studio Solution File, Format Version 11.00
# Visual Studio 2010
Project("{8BC9CEB8-8B4A-11D0-8D11-00A0C91BC942}") = "SrYbExe", "SrYbExe\SrYbExe.vcxproj", "{91B6E731-C7AE-3C76-AAB2-6016A38AA65B}"
	ProjectSection(ProjectDependencies) = postProject
		{CB7BAD23-8EFC-321E-AAB9-2237CEFF80CB} = {CB7BAD23-8EFC-321E-AAB9-2237CEFF80CB}
		{59A28063-EEE4-3EA1-87AE-50BA7E1F2A5F} = {59A28063-EEE4-3EA1-87AE-50BA7E1F2A5F}
		{E2281EB2-2229-3C4B-A8B6-30EB7A9CA8F5} = {E2281EB2-2229-3C4B-A8B6-30EB7A9CA8F5}
		{E6ED9BC4-E7B1-3871-9B7A-AE698398F2A5} = {E6ED9BC4-E7B1-3871-9B7A-AE698398F2A5}
		{5D1360CB-BD13-3C95-8F28-03AF76455BA3} = {5D1360CB-BD13-3C95-8F28-03AF76455BA3}
	EndProjectSection
EndProject
Project("{8BC9CEB8-8B4A-11D0-8D11-00A0C91BC942}") = "LabExeGraphicsMap", "..\src\LabExeGraphicsMap\LabExeGraphicsMap.vcxproj", "{E6ED9BC4-E7B1-3871-9B7A-AE698398F2A5}"
EndProject
Project("{8BC9CEB8-8B4A-11D0-8D11-00A0C91BC942}") = "LabExeImaging", "..\src\LabExeImaging\LabExeImaging.vcxproj", "{CB7BAD23-8EFC-321E-AAB9-2237CEFF80CB}"
EndProject
Project("{8BC9CEB8-8B4A-11D0-8D11-00A0C91BC942}") = "LabExeOptimizing", "..\src\LabExeOptimizing\LabExeOptimizing.vcxproj", "{E2281EB2-2229-3C4B-A8B6-30EB7A9CA8F5}"
EndProject
Project("{8BC9CEB8-8B4A-11D0-8D11-00A0C91BC942}") = "LabExeSequencer", "..\src\LabExeSequencer\LabExeSequencer.vcxproj", "{5D1360CB-BD13-3C95-8F28-03AF76455BA3}"
EndProject
Project("{8BC9CEB8-8B4A-11D0-8D11-00A0C91BC942}") = "labexe", "..\src\labexe.vcxproj", "{59A28063-EEE4-3EA1-87AE-50BA7E1F2A5F}"
EndProject
Global
	GlobalSection(SolutionConfigurationPlatforms) = preSolution
		Debug|Win32 = Debug|Win32
		Release with Debug|Win32 = Release with Debug|Win32
		Release|Win32 = Release|Win32
		Template|Win32 = Template|Win32
	EndGlobalSection
	GlobalSection(ProjectConfigurationPlatforms) = postSolution
		{91B6E731-C7AE-3C76-AAB2-6016A38AA65B}.Debug|Win32.ActiveCfg = Debug|Win32
		{91B6E731-C7AE-3C76-AAB2-6016A38AA65B}.Debug|Win32.Build.0 = Debug|Win32
		{91B6E731-C7AE-3C76-AAB2-6016A38AA65B}.Release with Debug|Win32.ActiveCfg = Debug|Win32
		{91B6E731-C7AE-3C76-AAB2-6016A38AA65B}.Release with Debug|Win32.Build.0 = Debug|Win32
		{91B6E731-C7AE-3C76-AAB2-6016A38AA65B}.Release|Win32.ActiveCfg = Release|Win32
		{91B6E731-C7AE-3C76-AAB2-6016A38AA65B}.Release|Win32.Build.0 = Release|Win32
		{91B6E731-C7AE-3C76-AAB2-6016A38AA65B}.Template|Win32.ActiveCfg = Debug|Win32
		{91B6E731-C7AE-3C76-AAB2-6016A38AA65B}.Template|Win32.Build.0 = Debug|Win32
		{E6ED9BC4-E7B1-3871-9B7A-AE698398F2A5}.Debug|Win32.ActiveCfg = Debug|Win32
		{E6ED9BC4-E7B1-3871-9B7A-AE698398F2A5}.Debug|Win32.Build.0 = Debug|Win32
		{E6ED9BC4-E7B1-3871-9B7A-AE698398F2A5}.Release with Debug|Win32.ActiveCfg = Debug|Win32
		{E6ED9BC4-E7B1-3871-9B7A-AE698398F2A5}.Release with Debug|Win32.Build.0 = Debug|Win32
		{E6ED9BC4-E7B1-3871-9B7A-AE698398F2A5}.Release|Win32.ActiveCfg = Release|Win32
		{E6ED9BC4-E7B1-3871-9B7A-AE698398F2A5}.Release|Win32.Build.0 = Release|Win32
		{E6ED9BC4-E7B1-3871-9B7A-AE698398F2A5}.Template|Win32.ActiveCfg = Release|Win32
		{E6ED9BC4-E7B1-3871-9B7A-AE698398F2A5}.Template|Win32.Build.0 = Release|Win32
		{CB7BAD23-8EFC-321E-AAB9-2237CEFF80CB}.Debug|Win32.ActiveCfg = Debug|Win32
		{CB7BAD23-8EFC-321E-AAB9-2237CEFF80CB}.Debug|Win32.Build.0 = Debug|Win32
		{CB7BAD23-8EFC-321E-AAB9-2237CEFF80CB}.Release with Debug|Win32.ActiveCfg = Debug|Win32
		{CB7BAD23-8EFC-321E-AAB9-2237CEFF80CB}.Release with Debug|Win32.Build.0 = Debug|Win32
		{CB7BAD23-8EFC-321E-AAB9-2237CEFF80CB}.Release|Win32.ActiveCfg = Release|Win32
		{CB7BAD23-8EFC-321E-AAB9-2237CEFF80CB}.Release|Win32.Build.0 = Release|Win32
		{CB7BAD23-8EFC-321E-AAB9-2237CEFF80CB}.Template|Win32.ActiveCfg = Debug|Win32
		{CB7BAD23-8EFC-321E-AAB9-2237CEFF80CB}.Template|Win32.Build.0 = Debug|Win32
		{E2281EB2-2229-3C4B-A8B6-30EB7A9CA8F5}.Debug|Win32.ActiveCfg = Debug|Win32
		{E2281EB2-2229-3C4B-A8B6-30EB7A9CA8F5}.Debug|Win32.Build.0 = Debug|Win32
		{E2281EB2-2229-3C4B-A8B6-30EB7A9CA8F5}.Release with Debug|Win32.ActiveCfg = Debug|Win32
		{E2281EB2-2229-3C4B-A8B6-30EB7A9CA8F5}.Release with Debug|Win32.Build.0 = Debug|Win32
		{E2281EB2-2229-3C4B-A8B6-30EB7A9CA8F5}.Release|Win32.ActiveCfg = Release|Win32
		{E2281EB2-2229-3C4B-A8B6-30EB7A9CA8F5}.Release|Win32.Build.0 = Release|Win32
		{E2281EB2-2229-3C4B-A8B6-30EB7A9CA8F5}.Template|Win32.ActiveCfg = Debug|Win32
		{E2281EB2-2229-3C4B-A8B6-30EB7A9CA8F5}.Template|Win32.Build.0 = Debug|Win32
		{5D1360CB-BD13-3C95-8F28-03AF76455BA3}.Debug|Win32.ActiveCfg = Debug|Win32
		{5D1360CB-BD13-3C95-8F28-03AF76455BA3}.Debug|Win32.Build.0 = Debug|Win32
		{5D1360CB-BD13-3C95-8F28-03AF76455BA3}.Release with Debug|Win32.ActiveCfg = Debug|Win32
		{5D1360CB-BD13-3C95-8F28-03AF76455BA3}.Release with Debug|Win32.Build.0 = Debug|Win32
		{5D1360CB-BD13-3C95-8F28-03AF76455BA3}.Release|Win32.ActiveCfg = Release|Win32
		{5D1360CB-BD13-3C95-8F28-03AF76455BA3}.Release|Win32.Build.0 = Release|Win32
		{5D1360CB-BD13-3C95-8F28-03AF76455BA3}.Template|Win32.ActiveCfg = Debug|Win32
		{5D1360CB-BD13-3C95-8F28-03AF76455BA3}.Template|Win32.Build.0 = Debug|Win32
		{59A28063-EEE4-3EA1-87AE-50BA7E1F2A5F}.Debug|Win32.ActiveCfg = Debug|Win32
		{59A28063-EEE4-3EA1-87AE-50BA7E1F2A5F}.Debug|Win32.Build.0 = Debug|Win32
		{59A28063-EEE4-3EA1-87AE-50BA7E1F2A5F}.Release with Debug|Win32.ActiveCfg = Debug|Win32
		{59A28063-EEE4-3EA1-87AE-50BA7E1F2A5F}.Release with Debug|Win32.Build.0 = Debug|Win32
		{59A28063-EEE4-3EA1-87AE-50BA7E1F2A5F}.Release|Win32.ActiveCfg = Release|Win32
		{59A28063-EEE4-3EA1-87AE-50BA7E1F2A5F}.Release|Win32.Build.0 = Release|Win32
		{59A28063-EEE4-3EA1-87AE-50BA7E1F2A5F}.Template|Win32.ActiveCfg = Release|Win32
		{59A28063-EEE4-3EA1-87AE-50BA7E1F2A5F}.Template|Win32.Build.0 = Release|Win32
	EndGlobalSection
	GlobalSection(SolutionProperties) = preSolution
		HideSolutionNode = FALSE
	EndGlobalSection
EndGlobal
