<?xml version="1.0" encoding="utf-8"?>
<Project ToolsVersion="4.0" xmlns="http://schemas.microsoft.com/developer/msbuild/2003">
  <ItemGroup>
    <Filter Include="Form Files">
      <UniqueIdentifier>{99349809-55BA-4b9d-BF79-8FDBB0286EB3}</UniqueIdentifier>
      <Extensions>ui</Extensions>
      <ParseFiles>false</ParseFiles>
    </Filter>
    <Filter Include="Form Files">
      <UniqueIdentifier>{99349809-55BA-4b9d-BF79-8FDBB0286EB3}</UniqueIdentifier>
      <Extensions>ui</Extensions>
      <ParseFiles>false</ParseFiles>
    </Filter>
    <Filter Include="Generated Files">
      <UniqueIdentifier>{71ED8ED8-ACB9-4CE9-BBE1-E00B30144E11}</UniqueIdentifier>
      <Extensions>cpp;c;cxx;moc;h;def;odl;idl;res;</Extensions>
    </Filter>
    <Filter Include="Generated Files">
      <UniqueIdentifier>{71ED8ED8-ACB9-4CE9-BBE1-E00B30144E11}</UniqueIdentifier>
      <Extensions>cpp;c;cxx;moc;h;def;odl;idl;res;</Extensions>
    </Filter>
    <Filter Include="Header Files">
      <UniqueIdentifier>{93995380-89BD-4b04-88EB-625FBE52EBFB}</UniqueIdentifier>
      <Extensions>h;hpp;hxx;hm;inl;inc;xsd</Extensions>
    </Filter>
    <Filter Include="Header Files">
      <UniqueIdentifier>{93995380-89BD-4b04-88EB-625FBE52EBFB}</UniqueIdentifier>
      <Extensions>h;hpp;hxx;hm;inl;inc;xsd</Extensions>
    </Filter>
    <Filter Include="Source Files">
      <UniqueIdentifier>{4FC737F1-C7A5-4376-A066-2A32D752A2FF}</UniqueIdentifier>
      <Extensions>cpp;c;cxx;def;odl;idl;hpj;bat;asm;asmx</Extensions>
    </Filter>
    <Filter Include="Source Files">
      <UniqueIdentifier>{4FC737F1-C7A5-4376-A066-2A32D752A2FF}</UniqueIdentifier>
      <Extensions>cpp;c;cxx;def;odl;idl;hpj;bat;asm;asmx</Extensions>
    </Filter>
  </ItemGroup>
  <ItemGroup>
    <ClCompile Include="TheLab\GBenchDockWidget.cpp">
      <Filter>Source Files</Filter>
    </ClCompile>
    <ClCompile Include="Device\GDevice.cpp">
      <Filter>Source Files</Filter>
    </ClCompile>
    <ClCompile Include="Device\GDeviceCommand.cpp">
      <Filter>Source Files</Filter>
    </ClCompile>
    <ClCompile Include="Device\GDeviceListModel.cpp">
      <Filter>Source Files</Filter>
    </ClCompile>
    <ClCompile Include="Device\GDeviceManager.cpp">
      <Filter>Source Files</Filter>
    </ClCompile>
    <ClCompile Include="Device\GDeviceMimeData.cpp">
      <Filter>Source Files</Filter>
    </ClCompile>
    <ClCompile Include="Device\GDevicePlugin.cpp">
      <Filter>Source Files</Filter>
    </ClCompile>
    <ClCompile Include="Device\GDeviceShelf.cpp">
      <Filter>Source Files</Filter>
    </ClCompile>
    <ClCompile Include="Device\GDeviceWidget.cpp">
      <Filter>Source Files</Filter>
    </ClCompile>
    <ClCompile Include="Param\GDoubleSpinBox.cpp">
      <Filter>Source Files</Filter>
    </ClCompile>
    <ClCompile Include="Device\GHardDevice.cpp">
      <Filter>Source Files</Filter>
    </ClCompile>
    <ClCompile Include="Param\GIntSpinBox.cpp">
      <Filter>Source Files</Filter>
    </ClCompile>
    <ClCompile Include="ToolBox\GInteractiveObject.cpp">
      <Filter>Source Files</Filter>
    </ClCompile>
    <ClCompile Include="TheLab\GLabCommand.cpp">
      <Filter>Source Files</Filter>
    </ClCompile>
    <ClCompile Include="TheLab\GLabControlPanel.cpp">
      <Filter>Source Files</Filter>
    </ClCompile>
    <ClCompile Include="Script\GMathScriptEngine.cpp">
      <Filter>Source Files</Filter>
    </ClCompile>
    <ClCompile Include="Device\GMotor.cpp">
      <Filter>Source Files</Filter>
    </ClCompile>
    <ClCompile Include="Device\GNumericCopier.cpp">
      <Filter>Source Files</Filter>
    </ClCompile>
    <ClCompile Include="ToolBox\GObjectFactory.cpp">
      <Filter>Source Files</Filter>
    </ClCompile>
    <ClCompile Include="Param\GParam.cpp">
      <Filter>Source Files</Filter>
    </ClCompile>
    <ClCompile Include="Param\GParamBool.cpp">
      <Filter>Source Files</Filter>
    </ClCompile>
    <ClCompile Include="Param\GParamBucket.cpp">
      <Filter>Source Files</Filter>
    </ClCompile>
    <ClCompile Include="Param\GParamBucketTreeWidget.cpp">
      <Filter>Source Files</Filter>
    </ClCompile>
    <ClCompile Include="Param\GParamBucketWidget.cpp">
      <Filter>Source Files</Filter>
    </ClCompile>
    <ClCompile Include="Device\GParamCreator.cpp">
      <Filter>Source Files</Filter>
    </ClCompile>
    <ClCompile Include="Param\GParamDouble.cpp">
      <Filter>Source Files</Filter>
    </ClCompile>
    <ClCompile Include="Param\GParamDoubleSettingWidget.cpp">
      <Filter>Source Files</Filter>
    </ClCompile>
    <ClCompile Include="Param\GParamInt.cpp">
      <Filter>Source Files</Filter>
    </ClCompile>
    <ClCompile Include="Param\GParamLabel.cpp">
      <Filter>Source Files</Filter>
    </ClCompile>
    <ClCompile Include="Param\GParamListModel.cpp">
      <Filter>Source Files</Filter>
    </ClCompile>
    <ClCompile Include="Param\GParamManager.cpp">
      <Filter>Source Files</Filter>
    </ClCompile>
    <ClCompile Include="Param\GParamNum.cpp">
      <Filter>Source Files</Filter>
    </ClCompile>
    <ClCompile Include="Param\GParamSettingsWidget.cpp">
      <Filter>Source Files</Filter>
    </ClCompile>
    <ClCompile Include="Param\GParamString.cpp">
      <Filter>Source Files</Filter>
    </ClCompile>
    <ClCompile Include="ToolBox\GPrivateQObjectInGSerializable.cpp">
      <Filter>Source Files</Filter>
    </ClCompile>
    <ClCompile Include="Device\GProgDevice.cpp">
      <Filter>Source Files</Filter>
    </ClCompile>
    <ClCompile Include="ToolBox\GSerializable.cpp">
      <Filter>Source Files</Filter>
    </ClCompile>
    <ClCompile Include="Device\GServoMotor.cpp">
      <Filter>Source Files</Filter>
    </ClCompile>
    <ClCompile Include="Param\GSingleParamBucket.cpp">
      <Filter>Source Files</Filter>
    </ClCompile>
    <ClCompile Include="Param\GSingleParamBucketWidget.cpp">
      <Filter>Source Files</Filter>
    </ClCompile>
    <ClCompile Include="TheLab\GWorkBench.cpp">
      <Filter>Source Files</Filter>
    </ClCompile>
    <ClCompile Include="TheLab\GWorkBenchManager.cpp">
      <Filter>Source Files</Filter>
    </ClCompile>
    <ClCompile Include="Script\ScriptFunctions.cpp">
      <Filter>Source Files</Filter>
    </ClCompile>
    <ClCompile Include="labexe.cpp">
      <Filter>Source Files</Filter>
    </ClCompile>
    <ClCompile Include="GeneratedFiles\moc_GBenchDockWidget.cpp">
      <Filter>Generated Files</Filter>
    </ClCompile>
    <ClCompile Include="GeneratedFiles\moc_GDevice.cpp">
      <Filter>Generated Files</Filter>
    </ClCompile>
    <ClCompile Include="GeneratedFiles\moc_GDeviceManager.cpp">
      <Filter>Generated Files</Filter>
    </ClCompile>
    <ClCompile Include="GeneratedFiles\moc_GDeviceMimeData.cpp">
      <Filter>Generated Files</Filter>
    </ClCompile>
    <ClCompile Include="GeneratedFiles\moc_GDevicePlugin.cpp">
      <Filter>Generated Files</Filter>
    </ClCompile>
    <ClCompile Include="GeneratedFiles\moc_GDeviceShelf.cpp">
      <Filter>Generated Files</Filter>
    </ClCompile>
    <ClCompile Include="GeneratedFiles\moc_GDeviceWidget.cpp">
      <Filter>Generated Files</Filter>
    </ClCompile>
    <ClCompile Include="GeneratedFiles\moc_GDoubleSpinBox.cpp">
      <Filter>Generated Files</Filter>
    </ClCompile>
    <ClCompile Include="GeneratedFiles\moc_GHardDevice.cpp">
      <Filter>Generated Files</Filter>
    </ClCompile>
    <ClCompile Include="GeneratedFiles\moc_GIntSpinBox.cpp">
      <Filter>Generated Files</Filter>
    </ClCompile>
    <ClCompile Include="GeneratedFiles\moc_GInteractiveObject.cpp">
      <Filter>Generated Files</Filter>
    </ClCompile>
    <ClCompile Include="GeneratedFiles\moc_GLabControlPanel.cpp">
      <Filter>Generated Files</Filter>
    </ClCompile>
    <ClCompile Include="GeneratedFiles\moc_GMathScriptEngine.cpp">
      <Filter>Generated Files</Filter>
    </ClCompile>
    <ClCompile Include="GeneratedFiles\moc_GMotor.cpp">
      <Filter>Generated Files</Filter>
    </ClCompile>
    <ClCompile Include="GeneratedFiles\moc_GNumericCopier.cpp">
      <Filter>Generated Files</Filter>
    </ClCompile>
    <ClCompile Include="GeneratedFiles\moc_GParam.cpp">
      <Filter>Generated Files</Filter>
    </ClCompile>
    <ClCompile Include="GeneratedFiles\moc_GParamBool.cpp">
      <Filter>Generated Files</Filter>
    </ClCompile>
    <ClCompile Include="GeneratedFiles\moc_GParamBucket.cpp">
      <Filter>Generated Files</Filter>
    </ClCompile>
    <ClCompile Include="GeneratedFiles\moc_GParamBucketTreeWidget.cpp">
      <Filter>Generated Files</Filter>
    </ClCompile>
    <ClCompile Include="GeneratedFiles\moc_GParamBucketWidget.cpp">
      <Filter>Generated Files</Filter>
    </ClCompile>
    <ClCompile Include="GeneratedFiles\moc_GParamCreator.cpp">
      <Filter>Generated Files</Filter>
    </ClCompile>
    <ClCompile Include="GeneratedFiles\moc_GParamDouble.cpp">
      <Filter>Generated Files</Filter>
    </ClCompile>
    <ClCompile Include="GeneratedFiles\moc_GParamDoubleSettingWidget.cpp">
      <Filter>Generated Files</Filter>
    </ClCompile>
    <ClCompile Include="GeneratedFiles\moc_GParamInt.cpp">
      <Filter>Generated Files</Filter>
    </ClCompile>
    <ClCompile Include="GeneratedFiles\moc_GParamLabel.cpp">
      <Filter>Generated Files</Filter>
    </ClCompile>
    <ClCompile Include="GeneratedFiles\moc_GParamListModel.cpp">
      <Filter>Generated Files</Filter>
    </ClCompile>
    <ClCompile Include="GeneratedFiles\moc_GParamManager.cpp">
      <Filter>Generated Files</Filter>
    </ClCompile>
    <ClCompile Include="GeneratedFiles\moc_GParamNum.cpp">
      <Filter>Generated Files</Filter>
    </ClCompile>
    <ClCompile Include="GeneratedFiles\moc_GParamSettingsWidget.cpp">
      <Filter>Generated Files</Filter>
    </ClCompile>
    <ClCompile Include="GeneratedFiles\moc_GParamString.cpp">
      <Filter>Generated Files</Filter>
    </ClCompile>
    <ClCompile Include="GeneratedFiles\moc_GPrivateQObjectInGSerializable.cpp">
      <Filter>Generated Files</Filter>
    </ClCompile>
    <ClCompile Include="GeneratedFiles\moc_GProgDevice.cpp">
      <Filter>Generated Files</Filter>
    </ClCompile>
    <ClCompile Include="GeneratedFiles\moc_GServoMotor.cpp">
      <Filter>Generated Files</Filter>
    </ClCompile>
    <ClCompile Include="GeneratedFiles\moc_GSingleParamBucket.cpp">
      <Filter>Generated Files</Filter>
    </ClCompile>
    <ClCompile Include="GeneratedFiles\moc_GSingleParamBucketWidget.cpp">
      <Filter>Generated Files</Filter>
    </ClCompile>
    <ClCompile Include="GeneratedFiles\moc_GWorkBench.cpp">
      <Filter>Generated Files</Filter>
    </ClCompile>
  </ItemGroup>
  <ItemGroup>
    <CustomBuild Include="TheLab\GBenchDockWidget.h">
      <Filter>Header Files</Filter>
    </CustomBuild>
    <CustomBuild Include="Device\GDevice.h">
      <Filter>Header Files</Filter>
    </CustomBuild>
    <ClInclude Include="Device\GDeviceCommand.h">
      <Filter>Header Files</Filter>
    </ClInclude>
    <ClInclude Include="Device\GDeviceListModel.h">
      <Filter>Header Files</Filter>
    </ClInclude>
    <CustomBuild Include="Device\GDeviceManager.h">
      <Filter>Header Files</Filter>
    </CustomBuild>
    <CustomBuild Include="Device\GDeviceMimeData.h">
      <Filter>Header Files</Filter>
    </CustomBuild>
    <CustomBuild Include="Device\GDevicePlugin.h">
      <Filter>Header Files</Filter>
    </CustomBuild>
    <CustomBuild Include="Device\GDeviceShelf.h">
      <Filter>Header Files</Filter>
    </CustomBuild>
    <CustomBuild Include="Device\GDeviceWidget.h">
      <Filter>Header Files</Filter>
    </CustomBuild>
    <CustomBuild Include="Param\GDoubleSpinBox.h">
      <Filter>Header Files</Filter>
    </CustomBuild>
    <CustomBuild Include="Device\GHardDevice.h">
      <Filter>Header Files</Filter>
    </CustomBuild>
    <CustomBuild Include="Param\GIntSpinBox.h">
      <Filter>Header Files</Filter>
    </CustomBuild>
    <CustomBuild Include="ToolBox\GInteractiveObject.h">
      <Filter>Header Files</Filter>
    </CustomBuild>
    <ClInclude Include="TheLab\GLabCommand.h">
      <Filter>Header Files</Filter>
    </ClInclude>
    <CustomBuild Include="TheLab\GLabControlPanel.h">
      <Filter>Header Files</Filter>
    </CustomBuild>
    <CustomBuild Include="Script\GMathScriptEngine.h">
      <Filter>Header Files</Filter>
    </CustomBuild>
    <CustomBuild Include="Device\GMotor.h">
      <Filter>Header Files</Filter>
    </CustomBuild>
    <CustomBuild Include="Device\GNumericCopier.h">
      <Filter>Header Files</Filter>
    </CustomBuild>
    <ClInclude Include="ToolBox\GObjectFactory.h">
      <Filter>Header Files</Filter>
    </ClInclude>
    <CustomBuild Include="Param\GParam.h">
      <Filter>Header Files</Filter>
    </CustomBuild>
    <CustomBuild Include="Param\GParamBool.h">
      <Filter>Header Files</Filter>
    </CustomBuild>
    <CustomBuild Include="Param\GParamBucket.h">
      <Filter>Header Files</Filter>
    </CustomBuild>
    <CustomBuild Include="Param\GParamBucketTreeWidget.h">
      <Filter>Header Files</Filter>
    </CustomBuild>
    <CustomBuild Include="Param\GParamBucketWidget.h">
      <Filter>Header Files</Filter>
    </CustomBuild>
    <CustomBuild Include="Device\GParamCreator.h">
      <Filter>Header Files</Filter>
    </CustomBuild>
    <CustomBuild Include="Param\GParamDouble.h">
      <Filter>Header Files</Filter>
    </CustomBuild>
    <CustomBuild Include="Param\GParamDoubleSettingWidget.h">
      <Filter>Header Files</Filter>
    </CustomBuild>
    <CustomBuild Include="Param\GParamInt.h">
      <Filter>Header Files</Filter>
    </CustomBuild>
    <CustomBuild Include="Param\GParamLabel.h">
      <Filter>Header Files</Filter>
    </CustomBuild>
    <CustomBuild Include="Param\GParamListModel.h">
      <Filter>Header Files</Filter>
    </CustomBuild>
    <CustomBuild Include="Param\GParamManager.h">
      <Filter>Header Files</Filter>
    </CustomBuild>
    <CustomBuild Include="Param\GParamNum.h">
      <Filter>Header Files</Filter>
    </CustomBuild>
    <CustomBuild Include="Param\GParamSettingsWidget.h">
      <Filter>Header Files</Filter>
    </CustomBuild>
    <CustomBuild Include="Param\GParamString.h">
      <Filter>Header Files</Filter>
    </CustomBuild>
    <CustomBuild Include="ToolBox\GPrivateQObjectInGSerializable.h">
      <Filter>Header Files</Filter>
    </CustomBuild>
    <CustomBuild Include="Device\GProgDevice.h">
      <Filter>Header Files</Filter>
    </CustomBuild>
    <ClInclude Include="ToolBox\GSerializable.h">
      <Filter>Header Files</Filter>
    </ClInclude>
    <CustomBuild Include="Device\GServoMotor.h">
      <Filter>Header Files</Filter>
    </CustomBuild>
    <CustomBuild Include="Param\GSingleParamBucket.h">
      <Filter>Header Files</Filter>
    </CustomBuild>
    <CustomBuild Include="Param\GSingleParamBucketWidget.h">
      <Filter>Header Files</Filter>
    </CustomBuild>
    <CustomBuild Include="TheLab\GWorkBench.h">
      <Filter>Header Files</Filter>
    </CustomBuild>
    <ClInclude Include="TheLab\GWorkBenchManager.h">
      <Filter>Header Files</Filter>
    </ClInclude>
    <ClInclude Include="Script\ScriptFunctions.h">
      <Filter>Header Files</Filter>
    </ClInclude>
    <ClInclude Include="labexe.h">
      <Filter>Header Files</Filter>
    </ClInclude>
    <ClInclude Include="labexe_global.h">
      <Filter>Header Files</Filter>
    </ClInclude>
  </ItemGroup>
  <ItemGroup>
    <CustomBuild Include="Logger\GDataLogger.ui">
      <Filter>Form Files</Filter>
    </CustomBuild>
    <CustomBuild Include="Device\GDeviceShelf.ui">
      <Filter>Form Files</Filter>
    </CustomBuild>
    <CustomBuild Include="TheLab\GLabControlPanel.ui">
      <Filter>Form Files</Filter>
    </CustomBuild>
    <CustomBuild Include="Param\GParamDoubleSettingWidget.ui">
      <Filter>Form Files</Filter>
    </CustomBuild>
    <CustomBuild Include="Param\GParamSettingsWidget.ui">
      <Filter>Form Files</Filter>
    </CustomBuild>
    <CustomBuild Include="Sequencer\GSequencerWidget.ui">
      <Filter>Form Files</Filter>
    </CustomBuild>
    <CustomBuild Include="TheLab\GWorkBench.ui">
      <Filter>Form Files</Filter>
    </CustomBuild>
  </ItemGroup>
  <ItemGroup>
    <ClInclude Include="GeneratedFiles\ui_GDataLogger.h">
      <Filter>Generated Files</Filter>
    </ClInclude>
    <ClInclude Include="GeneratedFiles\ui_GDeviceShelf.h">
      <Filter>Generated Files</Filter>
    </ClInclude>
    <ClInclude Include="GeneratedFiles\ui_GLabControlPanel.h">
      <Filter>Generated Files</Filter>
    </ClInclude>
    <ClInclude Include="GeneratedFiles\ui_GParamDoubleSettingWidget.h">
      <Filter>Generated Files</Filter>
    </ClInclude>
    <ClInclude Include="GeneratedFiles\ui_GParamSettingsWidget.h">
      <Filter>Generated Files</Filter>
    </ClInclude>
    <ClInclude Include="GeneratedFiles\ui_GSequencerWidget.h">
      <Filter>Generated Files</Filter>
    </ClInclude>
    <ClInclude Include="GeneratedFiles\ui_GWorkBench.h">
      <Filter>Generated Files</Filter>
    </ClInclude>
  </ItemGroup>
</Project>